{
  "version": 4,
  "terraform_version": "0.14.7",
  "serial": 6,
  "lineage": "9a336016-00f3-f2a6-7dc1-a3cb13a56c34",
  "outputs": {
    "bucket_arn": {
      "value": "arn:aws:s3:::randomly-correctly-friendly-known-lacewing-dev",
      "type": "string"
    },
    "bucket_domain_name": {
      "value": "randomly-correctly-friendly-known-lacewing-dev.s3.amazonaws.com",
      "type": "string"
    },
    "bucket_name": {
      "value": "randomly-correctly-friendly-known-lacewing-dev",
      "type": "string"
    },
    "ips_file_path": {
      "value": "randomly-correctly-friendly-known-lacewing-dev/config/ips.json",
      "type": "string"
    }
  },
  "resources": [
    {
      "mode": "managed",
      "type": "aws_s3_bucket",
      "name": "manual",
      "provider": "provider[\"registry.terraform.io/hashicorp/aws\"]",
      "instances": [
        {
          "schema_version": 0,
          "attributes": {
            "acceleration_status": "",
            "acl": "private",
            "arn": "arn:aws:s3:::meubucketcriadonoconsoledaaws123123",
            "bucket": "meubucketcriadonoconsoledaaws123123",
            "bucket_domain_name": "meubucketcriadonoconsoledaaws123123.s3.amazonaws.com",
            "bucket_prefix": null,
            "bucket_regional_domain_name": "meubucketcriadonoconsoledaaws123123.s3.amazonaws.com",
            "cors_rule": [],
            "force_destroy": false,
            "grant": [],
            "hosted_zone_id": "Z3AQBSTGFYJSTF",
            "id": "meubucketcriadonoconsoledaaws123123",
            "lifecycle_rule": [],
            "logging": [],
            "object_lock_configuration": [],
            "policy": null,
            "region": "us-east-1",
            "replication_configuration": [],
            "request_payer": "BucketOwner",
            "server_side_encryption_configuration": [],
            "tags": {
              "Criado": "14/01/2021",
              "Importado": "23/01/2021",
              "ManagedBy": "Terraform"
            },
            "versioning": [
              {
                "enabled": false,
                "mfa_delete": false
              }
            ],
            "website": [],
            "website_domain": null,
            "website_endpoint": null
          },
          "sensitive_attributes": [],
          "private": "bnVsbA=="
        }
      ]
    },
    {
      "mode": "managed",
      "type": "aws_s3_bucket",
      "name": "this",
      "provider": "provider[\"registry.terraform.io/hashicorp/aws\"]",
      "instances": [
        {
          "schema_version": 0,
          "attributes": {
            "acceleration_status": "",
            "acl": "private",
            "arn": "arn:aws:s3:::randomly-correctly-friendly-known-lacewing-dev",
            "bucket": "randomly-correctly-friendly-known-lacewing-dev",
            "bucket_domain_name": "randomly-correctly-friendly-known-lacewing-dev.s3.amazonaws.com",
            "bucket_prefix": null,
            "bucket_regional_domain_name": "randomly-correctly-friendly-known-lacewing-dev.s3.amazonaws.com",
            "cors_rule": [],
            "force_destroy": false,
            "grant": [],
            "hosted_zone_id": "Z3AQBSTGFYJSTF",
            "id": "randomly-correctly-friendly-known-lacewing-dev",
            "lifecycle_rule": [],
            "logging": [],
            "object_lock_configuration": [],
            "policy": null,
            "region": "us-east-1",
            "replication_configuration": [],
            "request_payer": "BucketOwner",
            "server_side_encryption_configuration": [],
            "tags": {
              "Environment": "dev",
              "ManagedBy": "Terraform",
              "Owner": "Victor Ribeiro",
              "Service": "Curso Terraform"
            },
            "versioning": [
              {
                "enabled": false,
                "mfa_delete": false
              }
            ],
            "website": [],
            "website_domain": null,
            "website_endpoint": null
          },
          "sensitive_attributes": [],
          "private": "bnVsbA==",
          "dependencies": [
            "random_pet.bucket"
          ]
        }
      ]
    },
    {
      "mode": "managed",
      "type": "aws_s3_bucket_object",
      "name": "random",
      "provider": "provider[\"registry.terraform.io/hashicorp/aws\"]",
      "instances": [
        {
          "schema_version": 0,
          "attributes": {
            "acl": "private",
            "bucket": "randomly-correctly-friendly-known-lacewing-dev",
            "cache_control": "",
            "content": null,
            "content_base64": null,
            "content_disposition": "",
            "content_encoding": "",
            "content_language": "",
            "content_type": "application/json",
            "etag": "13a781a11b2f67149447bd85dddb0684",
            "force_destroy": false,
            "id": "config/randomly-correctly-friendly-known-lacewing.json",
            "key": "config/randomly-correctly-friendly-known-lacewing.json",
            "kms_key_id": null,
            "metadata": null,
            "object_lock_legal_hold_status": "",
            "object_lock_mode": "",
            "object_lock_retain_until_date": "",
            "server_side_encryption": "",
            "source": "ips.json",
            "storage_class": "STANDARD",
            "tags": {
              "Environment": "dev",
              "ManagedBy": "Terraform",
              "Owner": "Victor Ribeiro",
              "Service": "Curso Terraform"
            },
            "version_id": "",
            "website_redirect": ""
          },
          "sensitive_attributes": [],
          "private": "bnVsbA==",
          "dependencies": [
            "aws_s3_bucket.this",
            "random_pet.bucket"
          ]
        }
      ]
    },
    {
      "mode": "managed",
      "type": "aws_s3_bucket_object",
      "name": "this",
      "provider": "provider[\"registry.terraform.io/hashicorp/aws\"]",
      "instances": [
        {
          "schema_version": 0,
          "attributes": {
            "acl": "private",
            "bucket": "randomly-correctly-friendly-known-lacewing-dev",
            "cache_control": "",
            "content": null,
            "content_base64": null,
            "content_disposition": "",
            "content_encoding": "",
            "content_language": "",
            "content_type": "application/json",
            "etag": "13a781a11b2f67149447bd85dddb0684",
            "force_destroy": false,
            "id": "config/ips.json",
            "key": "config/ips.json",
            "kms_key_id": null,
            "metadata": null,
            "object_lock_legal_hold_status": "",
            "object_lock_mode": "",
            "object_lock_retain_until_date": "",
            "server_side_encryption": "",
            "source": "ips.json",
            "storage_class": "STANDARD",
            "tags": {
              "Environment": "dev",
              "ManagedBy": "Terraform",
              "Owner": "Victor Ribeiro",
              "Service": "Curso Terraform"
            },
            "version_id": "",
            "website_redirect": ""
          },
          "sensitive_attributes": [],
          "private": "bnVsbA==",
          "dependencies": [
            "aws_s3_bucket.this",
            "random_pet.bucket"
          ]
        }
      ]
    },
    {
      "mode": "managed",
      "type": "random_pet",
      "name": "bucket",
      "provider": "provider[\"registry.terraform.io/hashicorp/random\"]",
      "instances": [
        {
          "schema_version": 0,
          "attributes": {
            "id": "randomly-correctly-friendly-known-lacewing",
            "keepers": null,
            "length": 5,
            "prefix": null,
            "separator": "-"
          },
          "sensitive_attributes": [],
          "private": "bnVsbA=="
        }
      ]
    }
  ]
}
